# @generated - this file is auto-generated by `mise lock` https://mise.jdx.dev/dev-tools/mise-lock.html

[[tools.flutter]]
version = "3.44.6"
backend = "http:flutter"

[tools.flutter."platforms.linux-x64"]
checksum = "sha256:a6320fd72e9a2690c08e2a6a70874a30cb120dee7c78f49d2c628bd7c9e20525"
url = "https://storage.googleapis.com/flutter_infra_release/releases/stable/linux/flutter_linux_3.44.6-stable.tar.xz"

[tools.flutter."platforms.linux-x64-musl"]
checksum = "sha256:a6320fd72e9a2690c08e2a6a70874a30cb120dee7c78f49d2c628bd7c9e20525"
url = "https://storage.googleapis.com/flutter_infra_release/releases/stable/linux/flutter_linux_3.44.6-stable.tar.xz"

[tools.flutter."platforms.macos-arm64"]
checksum = "sha256:e4824875f22cc7e0f4878bfc8b9382e98ff0137074c5d3ab4686f7a4b5ac775c"
url = "https://storage.googleapis.com/flutter_infra_release/releases/stable/macos/flutter_macos_arm64_3.44.6-stable.zip"

[tools.flutter."platforms.macos-x64"]
checksum = "sha256:d698aeb050198878ec6d5cdc1e6ccf1ef6850ec336985b03812b2525df2289ce"
url = "https://storage.googleapis.com/flutter_infra_release/releases/stable/macos/flutter_macos_3.44.6-stable.zip"

[tools.flutter."platforms.windows-x64"]
checksum = "sha256:2e803e240c981733ec6b543752415196ff1b16e03f93474bddd59c777ac07a56"
url = "https://storage.googleapis.com/flutter_infra_release/releases/stable/windows/flutter_windows_3.44.6-stable.zip"

[[tools."github:voidzero-dev/vite-plus"]]
version = "0.2.4"
backend = "github:voidzero-dev/vite-plus"

[tools."github:voidzero-dev/vite-plus"."platforms.linux-arm64"]
checksum = "sha256:86d6b670847ad4bb4fd23539ee3b12462cf6457bb93d5a23394ae75e10b67974"
url = "https://github.com/voidzero-dev/vite-plus/releases/download/v0.2.4/vp-aarch64-unknown-linux-gnu.tar.gz"
url_api = "https://api.github.com/repos/voidzero-dev/vite-plus/releases/assets/470107491"
provenance = "github-attestations"

[tools."github:voidzero-dev/vite-plus"."platforms.linux-arm64-musl"]
checksum = "sha256:ed0aca74d04d4a8fc957ec2a36254e596a3dbafc43b0d7bbb4f1955d4557b2cc"
url = "https://github.com/voidzero-dev/vite-plus/releases/download/v0.2.4/vp-aarch64-unknown-linux-musl.tar.gz"
url_api = "https://api.github.com/repos/voidzero-dev/vite-plus/releases/assets/470107483"
provenance = "github-attestations"

[tools."github:voidzero-dev/vite-plus"."platforms.linux-x64"]
checksum = "sha256:a80f75e19c2a928f3910df78427a9fb64f7fa54ce0d2621a60817016f1cfcc9d"
url = "https://github.com/voidzero-dev/vite-plus/releases/download/v0.2.4/vp-x86_64-unknown-linux-gnu.tar.gz"
url_api = "https://api.github.com/repos/voidzero-dev/vite-plus/releases/assets/470107485"
provenance = "github-attestations"

[tools."github:voidzero-dev/vite-plus"."platforms.linux-x64-musl"]
checksum = "sha256:7caea918460dac25782741474d49f6be4ab1ba3d235cf54fc5a7999e84cf3734"
url = "https://github.com/voidzero-dev/vite-plus/releases/download/v0.2.4/vp-x86_64-unknown-linux-musl.tar.gz"
url_api = "https://api.github.com/repos/voidzero-dev/vite-plus/releases/assets/470107486"
provenance = "github-attestations"

[tools."github:voidzero-dev/vite-plus"."platforms.macos-arm64"]
checksum = "sha256:b3bb1b5d0b2052b97d3c7b28fc4a1d9755aef9729247c65292289151cd01d8ca"
url = "https://github.com/voidzero-dev/vite-plus/releases/download/v0.2.4/vp-aarch64-apple-darwin.tar.gz"
url_api = "https://api.github.com/repos/voidzero-dev/vite-plus/releases/assets/470107481"
provenance = "github-attestations"

[tools."github:voidzero-dev/vite-plus"."platforms.macos-x64"]
checksum = "sha256:34c3e577cb792a8c0d41ae4da46af7acb541200e25296c8085477106589cb784"
url = "https://github.com/voidzero-dev/vite-plus/releases/download/v0.2.4/vp-x86_64-apple-darwin.tar.gz"
url_api = "https://api.github.com/repos/voidzero-dev/vite-plus/releases/assets/470107482"
provenance = "github-attestations"

[tools."github:voidzero-dev/vite-plus"."platforms.windows-x64"]
checksum = "sha256:c03d011f7c0f75cc8973bbe29273507b6233a86494e405bdb9b68fdd993462c2"
url = "https://github.com/voidzero-dev/vite-plus/releases/download/v0.2.4/vp-x86_64-pc-windows-msvc.zip"
url_api = "https://api.github.com/repos/voidzero-dev/vite-plus/releases/assets/470107487"
provenance = "github-attestations"

[[tools.node]]
version = "26.5.0"
backend = "core:node"

[tools.node."platforms.linux-arm64"]
checksum = "sha256:308e5fe89a82461ba5a6cf15ff5221b2cdbd7ae87600aa72bb3c3fbdc66412d1"
url = "https://nodejs.org/dist/v26.5.0/node-v26.5.0-linux-arm64.tar.gz"

[tools.node."platforms.linux-arm64-musl"]
checksum = "sha256:1ab31aef6561191693f366cacd75bbcefa0301e49a18bc05554c21893bbdb490"
url = "https://unofficial-builds.nodejs.org/download/release/v26.5.0/node-v26.5.0-linux-arm64-musl.tar.gz"

[tools.node."platforms.linux-x64"]
checksum = "sha256:22b5f47ad6ae78837e4c2b846019965ce1a06ba143de176102294a1bf44fc677"
url = "https://nodejs.org/dist/v26.5.0/node-v26.5.0-linux-x64.tar.gz"

[tools.node."platforms.linux-x64-musl"]
checksum = "sha256:00f1398411a4216c5a6ecaad3b825a0da5ec00e79ee8c173ab65a094d97b9ad8"
url = "https://unofficial-builds.nodejs.org/download/release/v26.5.0/node-v26.5.0-linux-x64-musl.tar.gz"

[tools.node."platforms.macos-arm64"]
checksum = "sha256:ee920559aaa2391569cff4d737e3b83963430e3a14dedd91bfe0ff53171b5af9"
url = "https://nodejs.org/dist/v26.5.0/node-v26.5.0-darwin-arm64.tar.gz"

[tools.node."platforms.macos-x64"]
checksum = "sha256:98293394c945a24e64e00b4177bf075ec963ea70b34d1d2e24bd4a71716d334f"
url = "https://nodejs.org/dist/v26.5.0/node-v26.5.0-darwin-x64.tar.gz"

[tools.node."platforms.windows-x64"]
checksum = "sha256:d3b2277dbcccfdf24ef6302928f64f484cff1d77a6d3caa3a28f4d20ce9158f6"
url = "https://nodejs.org/dist/v26.5.0/node-v26.5.0-win-x64.zip"

[[tools.pnpm]]
version = "11.11.0"
backend = "aqua:pnpm/pnpm"

[tools.pnpm."platforms.linux-arm64"]
checksum = "sha256:4871093439f036b3082df6102255ac119f3b6f4f50c51c5711fc7c358b8b22d7"
url = "https://github.com/pnpm/pnpm/releases/download/v11.11.0/pnpm-linux-arm64.tar.gz"
url_api = "https://api.github.com/repos/pnpm/pnpm/releases/assets/471734816"
provenance = "github-attestations"

[tools.pnpm."platforms.linux-arm64-musl"]
checksum = "sha256:f97316cee0deb3ae3fd64e8a09e1c8c88a76da33373a2b465bd6a4c3e85e0690"
url = "https://github.com/pnpm/pnpm/releases/download/v11.11.0/pnpm-linux-arm64-musl.tar.gz"
url_api = "https://api.github.com/repos/pnpm/pnpm/releases/assets/471734819"
provenance = "github-attestations"

[tools.pnpm."platforms.linux-x64"]
checksum = "sha256:df4699e897012ab14df2cc6eaa942910e830eb7fcaa420a2a1421a9461fd9108"
url = "https://github.com/pnpm/pnpm/releases/download/v11.11.0/pnpm-linux-x64.tar.gz"
url_api = "https://api.github.com/repos/pnpm/pnpm/releases/assets/471734818"
provenance = "github-attestations"

[tools.pnpm."platforms.linux-x64-musl"]
checksum = "sha256:aad186f8a8ae72d827d5efe63e99e801456715fb7f2798949405fa33f20260db"
url = "https://github.com/pnpm/pnpm/releases/download/v11.11.0/pnpm-linux-x64-musl.tar.gz"
url_api = "https://api.github.com/repos/pnpm/pnpm/releases/assets/471734821"
provenance = "github-attestations"

[tools.pnpm."platforms.macos-arm64"]
checksum = "sha256:ad46ad16c2376c2b78354ac488c1b166e076aa59bfcbcfd567d55957d755a690"
url = "https://github.com/pnpm/pnpm/releases/download/v11.11.0/pnpm-darwin-arm64.tar.gz"
url_api = "https://api.github.com/repos/pnpm/pnpm/releases/assets/471734814"
provenance = "github-attestations"

[tools.pnpm."platforms.windows-x64"]
checksum = "sha256:13ad8a9b139c4c829fea33462cf04d061d72f0926b2b76a92ac03c9a36e405f9"
url = "https://github.com/pnpm/pnpm/releases/download/v11.11.0/pnpm-win32-x64.zip"
url_api = "https://api.github.com/repos/pnpm/pnpm/releases/assets/471734820"
provenance = "github-attestations"

[[tools.rust]]
version = "1.90.0"
backend = "core:rust"

[tools.rust.options]
profile = "default"

[[tools.rust]]
version = "1.96.1"
backend = "core:rust"

[tools.rust.options]
profile = "default"
