# @generated - this file is auto-generated by `mise lock` https://mise.jdx.dev/dev-tools/mise-lock.html

[[tools.flutter]]
version = "3.44.6"
backend = "http:flutter"

[tools.flutter."platforms.linux-x64"]
checksum = "sha256:a6320fd72e9a2690c08e2a6a70874a30cb120dee7c78f49d2c628bd7c9e20525"
url = "https://storage.googleapis.com/flutter_infra_release/releases/stable/linux/flutter_linux_3.44.6-stable.tar.xz"

[tools.flutter."platforms.linux-x64-musl"]
checksum = "sha256:a6320fd72e9a2690c08e2a6a70874a30cb120dee7c78f49d2c628bd7c9e20525"
url = "https://storage.googleapis.com/flutter_infra_release/releases/stable/linux/flutter_linux_3.44.6-stable.tar.xz"

[tools.flutter."platforms.macos-arm64"]
checksum = "sha256:e4824875f22cc7e0f4878bfc8b9382e98ff0137074c5d3ab4686f7a4b5ac775c"
url = "https://storage.googleapis.com/flutter_infra_release/releases/stable/macos/flutter_macos_arm64_3.44.6-stable.zip"

[tools.flutter."platforms.macos-x64"]
checksum = "sha256:d698aeb050198878ec6d5cdc1e6ccf1ef6850ec336985b03812b2525df2289ce"
url = "https://storage.googleapis.com/flutter_infra_release/releases/stable/macos/flutter_macos_3.44.6-stable.zip"

[tools.flutter."platforms.windows-x64"]
checksum = "sha256:2e803e240c981733ec6b543752415196ff1b16e03f93474bddd59c777ac07a56"
url = "https://storage.googleapis.com/flutter_infra_release/releases/stable/windows/flutter_windows_3.44.6-stable.zip"

[[tools.pnpm]]
version = "12.9.1"
backend = "aqua:pnpm/pnpm"

[tools.pnpm."platforms.linux-arm64"]
checksum = "sha256:468294b77633d29889c6e4a79cefb1277eba30cd62e7d6a754218cb85a1d730d"
url = "https://github.com/pnpm/pnpm/releases/download/v12.9.1/pnpm-linux-arm64.tar.gz"
url_api = "https://api.github.com/repos/pnpm/pnpm/releases/assets/608496442"
provenance = "github-attestations"

[tools.pnpm."platforms.linux-arm64-musl"]
checksum = "sha256:11de22634b9eb543d2f6ae9ccbc728274fb9a7ee81ee1bc7e5e45bec876ebca8"
url = "https://github.com/pnpm/pnpm/releases/download/v12.9.1/pnpm-linux-arm64-musl.tar.gz"
url_api = "https://api.github.com/repos/pnpm/pnpm/releases/assets/608496446"
provenance = "github-attestations"

[tools.pnpm."platforms.linux-x64"]
checksum = "sha256:b4f58449ac02d9d24023ac89e17e05e8331f8ddc12ca1f489cf231bc2bb2bce1"
url = "https://github.com/pnpm/pnpm/releases/download/v12.9.1/pnpm-linux-x64.tar.gz"
url_api = "https://api.github.com/repos/pnpm/pnpm/releases/assets/608496438"
provenance = "github-attestations"

[tools.pnpm."platforms.linux-x64-musl"]
checksum = "sha256:7c52e6db59c9cd3837ae1ec0b96ab3209d3c42cb0e3a77f5db8cbe86661d85a6"
url = "https://github.com/pnpm/pnpm/releases/download/v12.9.1/pnpm-linux-x64-musl.tar.gz"
url_api = "https://api.github.com/repos/pnpm/pnpm/releases/assets/608496441"
provenance = "github-attestations"

[tools.pnpm."platforms.macos-arm64"]
checksum = "sha256:4dcea94654bc8f2189dfd591aea7af4adddd29243e4bfcc8d4c8b4289e7983ba"
url = "https://github.com/pnpm/pnpm/releases/download/v12.9.1/pnpm-darwin-arm64.tar.gz"
url_api = "https://api.github.com/repos/pnpm/pnpm/releases/assets/608496449"
provenance = "github-attestations"

[tools.pnpm."platforms.macos-x64"]
checksum = "sha256:e8b47f538f95167c57fdeacffc9cb3af82261217f31eb764151aaf500b76f1b3"
url = "https://github.com/pnpm/pnpm/releases/download/v12.9.1/pnpm-darwin-x64.tar.gz"
url_api = "https://api.github.com/repos/pnpm/pnpm/releases/assets/608496437"
provenance = "github-attestations"

[tools.pnpm."platforms.windows-x64"]
checksum = "sha256:2b30f6bc53228187881aeae604cc6cedf092641df30d3be1cf4cd3d17bf630f5"
url = "https://github.com/pnpm/pnpm/releases/download/v12.9.1/pnpm-win32-x64.zip"
url_api = "https://api.github.com/repos/pnpm/pnpm/releases/assets/608496448"
provenance = "github-attestations"

[[tools.rust]]
version = "1.90.0"
backend = "core:rust"

[tools.rust.options]
profile = "default"

[[tools.rust]]
version = "1.96.1"
backend = "core:rust"

[tools.rust.options]
profile = "default"
